
Microsoft Visual Studio Solution File, Format Version 12.00
# Visual Studio Version 17
VisualStudioVersion = 17.10.34916.146
MinimumVisualStudioVersion = 10.0.40219.1
Project("{FAE04EC0-301F-11D3-BF4B-00C04F79EFBC}") = "PROINSA_GP_WEB", "PROINSA_GP_WEB\PROINSA_GP_WEB.csproj", "{984B4B25-7370-42AB-B2B2-37C4854DE8FA}"
EndProject
Global
	GlobalSection(SolutionConfigurationPlatforms) = preSolution
		Debug|Any CPU = Debug|Any CPU
		Release|Any CPU = Release|Any CPU
	EndGlobalSection
	GlobalSection(ProjectConfigurationPlatforms) = postSolution
		{984B4B25-7370-42AB-B2B2-37C4854DE8FA}.Debug|Any CPU.ActiveCfg = Debug|Any CPU
		{984B4B25-7370-42AB-B2B2-37C4854DE8FA}.Debug|Any CPU.Build.0 = Debug|Any CPU
		{984B4B25-7370-42AB-B2B2-37C4854DE8FA}.Release|Any CPU.ActiveCfg = Release|Any CPU
		{984B4B25-7370-42AB-B2B2-37C4854DE8FA}.Release|Any CPU.Build.0 = Release|Any CPU
	EndGlobalSection
	GlobalSection(SolutionProperties) = preSolution
		HideSolutionNode = FALSE
	EndGlobalSection
	GlobalSection(ExtensibilityGlobals) = postSolution
		SolutionGuid = {0FE18597-B51A-44F9-B132-06912607B9EA}
	EndGlobalSection
EndGlobal
